
Microsoft Visual Studio Solution File, Format Version 12.00
# Visual Studio Version 16
VisualStudioVersion = 16.0.30204.135
MinimumVisualStudioVersion = 10.0.40219.1
Project("{F184B08F-C81C-45F6-A57F-5ABD9991F28F}") = "SimpleMoneyManager.Domain", "SimpleMoneyManager.Domain\SimpleMoneyManager.Domain.vbproj", "{C680BB15-8676-4ED4-BA45-8A8B2A5C9756}"
EndProject
Project("{2150E333-8FDC-42A3-9474-1A3956D46DE8}") = "tests", "tests", "{FD335ED4-0243-48C9-B571-0F468D204053}"
EndProject
Project("{F184B08F-C81C-45F6-A57F-5ABD9991F28F}") = "SimpleMoneyManager.Domain.Tests", "SimpleMoneyManager.Domain.Tests\SimpleMoneyManager.Domain.Tests.vbproj", "{70A24B90-47CE-4A3B-A7B3-256005B1B7D3}"
EndProject
Project("{F184B08F-C81C-45F6-A57F-5ABD9991F28F}") = "SimpleMoneyManager.Infrastructure", "SimpleMoneyManager.Infrastructure\SimpleMoneyManager.Infrastructure.vbproj", "{38952514-0E3D-430A-9659-DDC1312F0A63}"
EndProject
Project("{F184B08F-C81C-45F6-A57F-5ABD9991F28F}") = "SimpleMoneyManager.WinForms", "SimpleMoneyManager.WinForms\SimpleMoneyManager.WinForms.vbproj", "{9D57B01D-CD2E-4132-B316-0D5E8A259EC8}"
EndProject
Project("{F184B08F-C81C-45F6-A57F-5ABD9991F28F}") = "SimpleMoneyManager.Infrastructure.Tests", "SimpleMoneyManager.Infrastructure.Tests\SimpleMoneyManager.Infrastructure.Tests.vbproj", "{68F4059F-D8A4-4190-921A-17DBADA241EC}"
EndProject
Global
	GlobalSection(SolutionConfigurationPlatforms) = preSolution
		Debug|Any CPU = Debug|Any CPU
		Release|Any CPU = Release|Any CPU
	EndGlobalSection
	GlobalSection(ProjectConfigurationPlatforms) = postSolution
		{C680BB15-8676-4ED4-BA45-8A8B2A5C9756}.Debug|Any CPU.ActiveCfg = Debug|Any CPU
		{C680BB15-8676-4ED4-BA45-8A8B2A5C9756}.Debug|Any CPU.Build.0 = Debug|Any CPU
		{C680BB15-8676-4ED4-BA45-8A8B2A5C9756}.Release|Any CPU.ActiveCfg = Release|Any CPU
		{C680BB15-8676-4ED4-BA45-8A8B2A5C9756}.Release|Any CPU.Build.0 = Release|Any CPU
		{70A24B90-47CE-4A3B-A7B3-256005B1B7D3}.Debug|Any CPU.ActiveCfg = Debug|Any CPU
		{70A24B90-47CE-4A3B-A7B3-256005B1B7D3}.Debug|Any CPU.Build.0 = Debug|Any CPU
		{70A24B90-47CE-4A3B-A7B3-256005B1B7D3}.Release|Any CPU.ActiveCfg = Release|Any CPU
		{70A24B90-47CE-4A3B-A7B3-256005B1B7D3}.Release|Any CPU.Build.0 = Release|Any CPU
		{38952514-0E3D-430A-9659-DDC1312F0A63}.Debug|Any CPU.ActiveCfg = Debug|Any CPU
		{38952514-0E3D-430A-9659-DDC1312F0A63}.Debug|Any CPU.Build.0 = Debug|Any CPU
		{38952514-0E3D-430A-9659-DDC1312F0A63}.Release|Any CPU.ActiveCfg = Release|Any CPU
		{38952514-0E3D-430A-9659-DDC1312F0A63}.Release|Any CPU.Build.0 = Release|Any CPU
		{9D57B01D-CD2E-4132-B316-0D5E8A259EC8}.Debug|Any CPU.ActiveCfg = Debug|Any CPU
		{9D57B01D-CD2E-4132-B316-0D5E8A259EC8}.Debug|Any CPU.Build.0 = Debug|Any CPU
		{9D57B01D-CD2E-4132-B316-0D5E8A259EC8}.Release|Any CPU.ActiveCfg = Release|Any CPU
		{9D57B01D-CD2E-4132-B316-0D5E8A259EC8}.Release|Any CPU.Build.0 = Release|Any CPU
		{68F4059F-D8A4-4190-921A-17DBADA241EC}.Debug|Any CPU.ActiveCfg = Debug|Any CPU
		{68F4059F-D8A4-4190-921A-17DBADA241EC}.Debug|Any CPU.Build.0 = Debug|Any CPU
		{68F4059F-D8A4-4190-921A-17DBADA241EC}.Release|Any CPU.ActiveCfg = Release|Any CPU
		{68F4059F-D8A4-4190-921A-17DBADA241EC}.Release|Any CPU.Build.0 = Release|Any CPU
	EndGlobalSection
	GlobalSection(SolutionProperties) = preSolution
		HideSolutionNode = FALSE
	EndGlobalSection
	GlobalSection(NestedProjects) = preSolution
		{70A24B90-47CE-4A3B-A7B3-256005B1B7D3} = {FD335ED4-0243-48C9-B571-0F468D204053}
		{68F4059F-D8A4-4190-921A-17DBADA241EC} = {FD335ED4-0243-48C9-B571-0F468D204053}
	EndGlobalSection
	GlobalSection(ExtensibilityGlobals) = postSolution
		SolutionGuid = {6F098971-C271-4E37-A419-3E06596D2FBF}
	EndGlobalSection
EndGlobal
